// !$*UTF8*$!
{
	archiveVersion = 1;
	classes = {
	};
	objectVersion = 50;
	objects = {

/* Begin PBXBuildFile section */
		2A34138A8798F4C11EA5CEB9 /* libPods-TwitterCloneAdamKramar.a in Frameworks */ = {isa = PBXBuildFile; fileRef = C370635EF71BBB081D6DE559 /* libPods-TwitterCloneAdamKramar.a */; };
		664502F124C0DBB400006C98 /* AppDelegate.swift in Sources */ = {isa = PBXBuildFile; fileRef = 664502F024C0DBB400006C98 /* AppDelegate.swift */; };
		664502F324C0DBB400006C98 /* SceneDelegate.swift in Sources */ = {isa = PBXBuildFile; fileRef = 664502F224C0DBB400006C98 /* SceneDelegate.swift */; };
		664502F824C0DBB400006C98 /* Main.storyboard in Resources */ = {isa = PBXBuildFile; fileRef = 664502F624C0DBB400006C98 /* Main.storyboard */; };
		664502FA24C0DBBC00006C98 /* Assets.xcassets in Resources */ = {isa = PBXBuildFile; fileRef = 664502F924C0DBBC00006C98 /* Assets.xcassets */; };
		664502FD24C0DBBC00006C98 /* LaunchScreen.storyboard in Resources */ = {isa = PBXBuildFile; fileRef = 664502FB24C0DBBC00006C98 /* LaunchScreen.storyboard */; };
		6645030C24C0DD3900006C98 /* MainTabController.swift in Sources */ = {isa = PBXBuildFile; fileRef = 6645030B24C0DD3900006C98 /* MainTabController.swift */; };
		6645030E24C0DE7D00006C98 /* FeedViewController.swift in Sources */ = {isa = PBXBuildFile; fileRef = 6645030D24C0DE7D00006C98 /* FeedViewController.swift */; };
		6645031024C0DEB600006C98 /* ExploreViewController.swift in Sources */ = {isa = PBXBuildFile; fileRef = 6645030F24C0DEB600006C98 /* ExploreViewController.swift */; };
		6645031224C0DEFB00006C98 /* NotificationsViewController.swift in Sources */ = {isa = PBXBuildFile; fileRef = 6645031124C0DEFB00006C98 /* NotificationsViewController.swift */; };
		6645031424C0DF3300006C98 /* ConversationsViewController.swift in Sources */ = {isa = PBXBuildFile; fileRef = 6645031324C0DF3300006C98 /* ConversationsViewController.swift */; };
		6683C75124C0ECE900B445BF /* Extensions.swift in Sources */ = {isa = PBXBuildFile; fileRef = 6683C75024C0ECE900B445BF /* Extensions.swift */; };
/* End PBXBuildFile section */

/* Begin PBXFileReference section */
		664502ED24C0DBB400006C98 /* TwitterCloneAdamKramar.app */ = {isa = PBXFileReference; explicitFileType = wrapper.application; includeInIndex = 0; path = TwitterCloneAdamKramar.app; sourceTree = BUILT_PRODUCTS_DIR; };
		664502F024C0DBB400006C98 /* AppDelegate.swift */ = {isa = PBXFileReference; lastKnownFileType = sourcecode.swift; path = AppDelegate.swift; sourceTree = "<group>"; };
		664502F224C0DBB400006C98 /* SceneDelegate.swift */ = {isa = PBXFileReference; lastKnownFileType = sourcecode.swift; path = SceneDelegate.swift; sourceTree = "<group>"; };
		664502F724C0DBB400006C98 /* Base */ = {isa = PBXFileReference; lastKnownFileType = file.storyboard; name = Base; path = Base.lproj/Main.storyboard; sourceTree = "<group>"; };
		664502F924C0DBBC00006C98 /* Assets.xcassets */ = {isa = PBXFileReference; lastKnownFileType = folder.assetcatalog; path = Assets.xcassets; sourceTree = "<group>"; };
		664502FC24C0DBBC00006C98 /* Base */ = {isa = PBXFileReference; lastKnownFileType = file.storyboard; name = Base; path = Base.lproj/LaunchScreen.storyboard; sourceTree = "<group>"; };
		664502FE24C0DBBC00006C98 /* Info.plist */ = {isa = PBXFileReference; lastKnownFileType = text.plist.xml; path = Info.plist; sourceTree = "<group>"; };
		6645030B24C0DD3900006C98 /* MainTabController.swift */ = {isa = PBXFileReference; lastKnownFileType = sourcecode.swift; path = MainTabController.swift; sourceTree = "<group>"; };
		6645030D24C0DE7D00006C98 /* FeedViewController.swift */ = {isa = PBXFileReference; lastKnownFileType = sourcecode.swift; path = FeedViewController.swift; sourceTree = "<group>"; };
		6645030F24C0DEB600006C98 /* ExploreViewController.swift */ = {isa = PBXFileReference; lastKnownFileType = sourcecode.swift; path = ExploreViewController.swift; sourceTree = "<group>"; };
		6645031124C0DEFB00006C98 /* NotificationsViewController.swift */ = {isa = PBXFileReference; lastKnownFileType = sourcecode.swift; path = NotificationsViewController.swift; sourceTree = "<group>"; };
		6645031324C0DF3300006C98 /* ConversationsViewController.swift */ = {isa = PBXFileReference; lastKnownFileType = sourcecode.swift; path = ConversationsViewController.swift; sourceTree = "<group>"; };
		6683C75024C0ECE900B445BF /* Extensions.swift */ = {isa = PBXFileReference; lastKnownFileType = sourcecode.swift; path = Extensions.swift; sourceTree = "<group>"; };
		683ACBC7893FD91540C3F2B1 /* Pods-TwitterCloneAdamKramar.debug.xcconfig */ = {isa = PBXFileReference; includeInIndex = 1; lastKnownFileType = text.xcconfig; name = "Pods-TwitterCloneAdamKramar.debug.xcconfig"; path = "Target Support Files/Pods-TwitterCloneAdamKramar/Pods-TwitterCloneAdamKramar.debug.xcconfig"; sourceTree = "<group>"; };
		C370635EF71BBB081D6DE559 /* libPods-TwitterCloneAdamKramar.a */ = {isa = PBXFileReference; explicitFileType = archive.ar; includeInIndex = 0; path = "libPods-TwitterCloneAdamKramar.a"; sourceTree = BUILT_PRODUCTS_DIR; };
		EFE47B9F1B18C4B4EE9B6973 /* Pods-TwitterCloneAdamKramar.release.xcconfig */ = {isa = PBXFileReference; includeInIndex = 1; lastKnownFileType = text.xcconfig; name = "Pods-TwitterCloneAdamKramar.release.xcconfig"; path = "Target Support Files/Pods-TwitterCloneAdamKramar/Pods-TwitterCloneAdamKramar.release.xcconfig"; sourceTree = "<group>"; };
/* End PBXFileReference section */

/* Begin PBXFrameworksBuildPhase section */
		664502EA24C0DBB400006C98 /* Frameworks */ = {
			isa = PBXFrameworksBuildPhase;
			buildActionMask = 2147483647;
			files = (
				2A34138A8798F4C11EA5CEB9 /* libPods-TwitterCloneAdamKramar.a in Frameworks */,
			);
			runOnlyForDeploymentPostprocessing = 0;
		};
/* End PBXFrameworksBuildPhase section */

/* Begin PBXGroup section */
		664502E424C0DBB400006C98 = {
			isa = PBXGroup;
			children = (
				664502EF24C0DBB400006C98 /* TwitterCloneAdamKramar */,
				664502EE24C0DBB400006C98 /* Products */,
				A86AA1D692CFF0607A65FA6C /* Pods */,
				B79F0F5154CBF32E2B52FB31 /* Frameworks */,
			);
			sourceTree = "<group>";
		};
		664502EE24C0DBB400006C98 /* Products */ = {
			isa = PBXGroup;
			children = (
				664502ED24C0DBB400006C98 /* TwitterCloneAdamKramar.app */,
			);
			name = Products;
			sourceTree = "<group>";
		};
		664502EF24C0DBB400006C98 /* TwitterCloneAdamKramar */ = {
			isa = PBXGroup;
			children = (
				6645030A24C0DC9300006C98 /* Model */,
				6645030924C0DC8F00006C98 /* View */,
				6645030824C0DC8D00006C98 /* ViewModel */,
				6645030724C0DC8C00006C98 /* Controller */,
				6645030524C0DC8100006C98 /* API */,
				6645030424C0DC7E00006C98 /* Utils */,
				664502F024C0DBB400006C98 /* AppDelegate.swift */,
				664502F224C0DBB400006C98 /* SceneDelegate.swift */,
				664502F624C0DBB400006C98 /* Main.storyboard */,
				664502F924C0DBBC00006C98 /* Assets.xcassets */,
				664502FB24C0DBBC00006C98 /* LaunchScreen.storyboard */,
				664502FE24C0DBBC00006C98 /* Info.plist */,
			);
			path = TwitterCloneAdamKramar;
			sourceTree = "<group>";
		};
		6645030424C0DC7E00006C98 /* Utils */ = {
			isa = PBXGroup;
			children = (
				6683C75024C0ECE900B445BF /* Extensions.swift */,
			);
			path = Utils;
			sourceTree = "<group>";
		};
		6645030524C0DC8100006C98 /* API */ = {
			isa = PBXGroup;
			children = (
			);
			path = API;
			sourceTree = "<group>";
		};
		6645030724C0DC8C00006C98 /* Controller */ = {
			isa = PBXGroup;
			children = (
				6645030B24C0DD3900006C98 /* MainTabController.swift */,
				6645030D24C0DE7D00006C98 /* FeedViewController.swift */,
				6645030F24C0DEB600006C98 /* ExploreViewController.swift */,
				6645031124C0DEFB00006C98 /* NotificationsViewController.swift */,
				6645031324C0DF3300006C98 /* ConversationsViewController.swift */,
			);
			path = Controller;
			sourceTree = "<group>";
		};
		6645030824C0DC8D00006C98 /* ViewModel */ = {
			isa = PBXGroup;
			children = (
			);
			path = ViewModel;
			sourceTree = "<group>";
		};
		6645030924C0DC8F00006C98 /* View */ = {
			isa = PBXGroup;
			children = (
			);
			path = View;
			sourceTree = "<group>";
		};
		6645030A24C0DC9300006C98 /* Model */ = {
			isa = PBXGroup;
			children = (
			);
			path = Model;
			sourceTree = "<group>";
		};
		A86AA1D692CFF0607A65FA6C /* Pods */ = {
			isa = PBXGroup;
			children = (
				683ACBC7893FD91540C3F2B1 /* Pods-TwitterCloneAdamKramar.debug.xcconfig */,
				EFE47B9F1B18C4B4EE9B6973 /* Pods-TwitterCloneAdamKramar.release.xcconfig */,
			);
			path = Pods;
			sourceTree = "<group>";
		};
		B79F0F5154CBF32E2B52FB31 /* Frameworks */ = {
			isa = PBXGroup;
			children = (
				C370635EF71BBB081D6DE559 /* libPods-TwitterCloneAdamKramar.a */,
			);
			name = Frameworks;
			sourceTree = "<group>";
		};
/* End PBXGroup section */

/* Begin PBXNativeTarget section */
		664502EC24C0DBB400006C98 /* TwitterCloneAdamKramar */ = {
			isa = PBXNativeTarget;
			buildConfigurationList = 6645030124C0DBBC00006C98 /* Build configuration list for PBXNativeTarget "TwitterCloneAdamKramar" */;
			buildPhases = (
				2539FA4667345851ED0FD970 /* [CP] Check Pods Manifest.lock */,
				664502E924C0DBB400006C98 /* Sources */,
				664502EA24C0DBB400006C98 /* Frameworks */,
				664502EB24C0DBB400006C98 /* Resources */,
			);
			buildRules = (
			);
			dependencies = (
			);
			name = TwitterCloneAdamKramar;
			productName = TwitterCloneAdamKramar;
			productReference = 664502ED24C0DBB400006C98 /* TwitterCloneAdamKramar.app */;
			productType = "com.apple.product-type.application";
		};
/* End PBXNativeTarget section */

/* Begin PBXProject section */
		664502E524C0DBB400006C98 /* Project object */ = {
			isa = PBXProject;
			attributes = {
				LastSwiftUpdateCheck = 1150;
				LastUpgradeCheck = 1150;
				ORGANIZATIONNAME = "Adam Kramar";
				TargetAttributes = {
					664502EC24C0DBB400006C98 = {
						CreatedOnToolsVersion = 11.5;
					};
				};
			};
			buildConfigurationList = 664502E824C0DBB400006C98 /* Build configuration list for PBXProject "TwitterCloneAdamKramar" */;
			compatibilityVersion = "Xcode 9.3";
			developmentRegion = en;
			hasScannedForEncodings = 0;
			knownRegions = (
				en,
				Base,
			);
			mainGroup = 664502E424C0DBB400006C98;
			productRefGroup = 664502EE24C0DBB400006C98 /* Products */;
			projectDirPath = "";
			projectRoot = "";
			targets = (
				664502EC24C0DBB400006C98 /* TwitterCloneAdamKramar */,
			);
		};
/* End PBXProject section */

/* Begin PBXResourcesBuildPhase section */
		664502EB24C0DBB400006C98 /* Resources */ = {
			isa = PBXResourcesBuildPhase;
			buildActionMask = 2147483647;
			files = (
				664502FD24C0DBBC00006C98 /* LaunchScreen.storyboard in Resources */,
				664502FA24C0DBBC00006C98 /* Assets.xcassets in Resources */,
				664502F824C0DBB400006C98 /* Main.storyboard in Resources */,
			);
			runOnlyForDeploymentPostprocessing = 0;
		};
/* End PBXResourcesBuildPhase section */

/* Begin PBXShellScriptBuildPhase section */
		2539FA4667345851ED0FD970 /* [CP] Check Pods Manifest.lock */ = {
			isa = PBXShellScriptBuildPhase;
			buildActionMask = 2147483647;
			files = (
			);
			inputFileListPaths = (
			);
			inputPaths = (
				"${PODS_PODFILE_DIR_PATH}/Podfile.lock",
				"${PODS_ROOT}/Manifest.lock",
			);
			name = "[CP] Check Pods Manifest.lock";
			outputFileListPaths = (
			);
			outputPaths = (
				"$(DERIVED_FILE_DIR)/Pods-TwitterCloneAdamKramar-checkManifestLockResult.txt",
			);
			runOnlyForDeploymentPostprocessing = 0;
			shellPath = /bin/sh;
			shellScript = "diff \"${PODS_PODFILE_DIR_PATH}/Podfile.lock\" \"${PODS_ROOT}/Manifest.lock\" > /dev/null\nif [ $? != 0 ] ; then\n    # print error to STDERR\n    echo \"error: The sandbox is not in sync with the Podfile.lock. Run 'pod install' or update your CocoaPods installation.\" >&2\n    exit 1\nfi\n# This output is used by Xcode 'outputs' to avoid re-running this script phase.\necho \"SUCCESS\" > \"${SCRIPT_OUTPUT_FILE_0}\"\n";
			showEnvVarsInLog = 0;
		};
/* End PBXShellScriptBuildPhase section */

/* Begin PBXSourcesBuildPhase section */
		664502E924C0DBB400006C98 /* Sources */ = {
			isa = PBXSourcesBuildPhase;
			buildActionMask = 2147483647;
			files = (
				664502F124C0DBB400006C98 /* AppDelegate.swift in Sources */,
				664502F324C0DBB400006C98 /* SceneDelegate.swift in Sources */,
				6645031424C0DF3300006C98 /* ConversationsViewController.swift in Sources */,
				6683C75124C0ECE900B445BF /* Extensions.swift in Sources */,
				6645031024C0DEB600006C98 /* ExploreViewController.swift in Sources */,
				6645031224C0DEFB00006C98 /* NotificationsViewController.swift in Sources */,
				6645030E24C0DE7D00006C98 /* FeedViewController.swift in Sources */,
				6645030C24C0DD3900006C98 /* MainTabController.swift in Sources */,
			);
			runOnlyForDeploymentPostprocessing = 0;
		};
/* End PBXSourcesBuildPhase section */

/* Begin PBXVariantGroup section */
		664502F624C0DBB400006C98 /* Main.storyboard */ = {
			isa = PBXVariantGroup;
			children = (
				664502F724C0DBB400006C98 /* Base */,
			);
			name = Main.storyboard;
			sourceTree = "<group>";
		};
		664502FB24C0DBBC00006C98 /* LaunchScreen.storyboard */ = {
			isa = PBXVariantGroup;
			children = (
				664502FC24C0DBBC00006C98 /* Base */,
			);
			name = LaunchScreen.storyboard;
			sourceTree = "<group>";
		};
/* End PBXVariantGroup section */

/* Begin XCBuildConfiguration section */
		664502FF24C0DBBC00006C98 /* Debug */ = {
			isa = XCBuildConfiguration;
			buildSettings = {
				ALWAYS_SEARCH_USER_PATHS = NO;
				CLANG_ANALYZER_NONNULL = YES;
				CLANG_ANALYZER_NUMBER_OBJECT_CONVERSION = YES_AGGRESSIVE;
				CLANG_CXX_LANGUAGE_STANDARD = "gnu++14";
				CLANG_CXX_LIBRARY = "libc++";
				CLANG_ENABLE_MODULES = YES;
				CLANG_ENABLE_OBJC_ARC = YES;
				CLANG_ENABLE_OBJC_WEAK = YES;
				CLANG_WARN_BLOCK_CAPTURE_AUTORELEASING = YES;
				CLANG_WARN_BOOL_CONVERSION = YES;
				CLANG_WARN_COMMA = YES;
				CLANG_WARN_CONSTANT_CONVERSION = YES;
				CLANG_WARN_DEPRECATED_OBJC_IMPLEMENTATIONS = YES;
				CLANG_WARN_DIRECT_OBJC_ISA_USAGE = YES_ERROR;
				CLANG_WARN_DOCUMENTATION_COMMENTS = YES;
				CLANG_WARN_EMPTY_BODY = YES;
				CLANG_WARN_ENUM_CONVERSION = YES;
				CLANG_WARN_INFINITE_RECURSION = YES;
				CLANG_WARN_INT_CONVERSION = YES;
				CLANG_WARN_NON_LITERAL_NULL_CONVERSION = YES;
				CLANG_WARN_OBJC_IMPLICIT_RETAIN_SELF = YES;
				CLANG_WARN_OBJC_LITERAL_CONVERSION = YES;
				CLANG_WARN_OBJC_ROOT_CLASS = YES_ERROR;
				CLANG_WARN_RANGE_LOOP_ANALYSIS = YES;
				CLANG_WARN_STRICT_PROTOTYPES = YES;
				CLANG_WARN_SUSPICIOUS_MOVE = YES;
				CLANG_WARN_UNGUARDED_AVAILABILITY = YES_AGGRESSIVE;
				CLANG_WARN_UNREACHABLE_CODE = YES;
				CLANG_WARN__DUPLICATE_METHOD_MATCH = YES;
				COPY_PHASE_STRIP = NO;
				DEBUG_INFORMATION_FORMAT = dwarf;
				ENABLE_STRICT_OBJC_MSGSEND = YES;
				ENABLE_TESTABILITY = YES;
				GCC_C_LANGUAGE_STANDARD = gnu11;
				GCC_DYNAMIC_NO_PIC = NO;
				GCC_NO_COMMON_BLOCKS = YES;
				GCC_OPTIMIZATION_LEVEL = 0;
				GCC_PREPROCESSOR_DEFINITIONS = (
					"DEBUG=1",
					"$(inherited)",
				);
				GCC_WARN_64_TO_32_BIT_CONVERSION = YES;
				GCC_WARN_ABOUT_RETURN_TYPE = YES_ERROR;
				GCC_WARN_UNDECLARED_SELECTOR = YES;
				GCC_WARN_UNINITIALIZED_AUTOS = YES_AGGRESSIVE;
				GCC_WARN_UNUSED_FUNCTION = YES;
				GCC_WARN_UNUSED_VARIABLE = YES;
				IPHONEOS_DEPLOYMENT_TARGET = 13.5;
				MTL_ENABLE_DEBUG_INFO = INCLUDE_SOURCE;
				MTL_FAST_MATH = YES;
				ONLY_ACTIVE_ARCH = YES;
				SDKROOT = iphoneos;
				SWIFT_ACTIVE_COMPILATION_CONDITIONS = DEBUG;
				SWIFT_OPTIMIZATION_LEVEL = "-Onone";
			};
			name = Debug;
		};
		6645030024C0DBBC00006C98 /* Release */ = {
			isa = XCBuildConfiguration;
			buildSettings = {
				ALWAYS_SEARCH_USER_PATHS = NO;
				CLANG_ANALYZER_NONNULL = YES;
				CLANG_ANALYZER_NUMBER_OBJECT_CONVERSION = YES_AGGRESSIVE;
				CLANG_CXX_LANGUAGE_STANDARD = "gnu++14";
				CLANG_CXX_LIBRARY = "libc++";
				CLANG_ENABLE_MODULES = YES;
				CLANG_ENABLE_OBJC_ARC = YES;
				CLANG_ENABLE_OBJC_WEAK = YES;
				CLANG_WARN_BLOCK_CAPTURE_AUTORELEASING = YES;
				CLANG_WARN_BOOL_CONVERSION = YES;
				CLANG_WARN_COMMA = YES;
				CLANG_WARN_CONSTANT_CONVERSION = YES;
				CLANG_WARN_DEPRECATED_OBJC_IMPLEMENTATIONS = YES;
				CLANG_WARN_DIRECT_OBJC_ISA_USAGE = YES_ERROR;
				CLANG_WARN_DOCUMENTATION_COMMENTS = YES;
				CLANG_WARN_EMPTY_BODY = YES;
				CLANG_WARN_ENUM_CONVERSION = YES;
				CLANG_WARN_INFINITE_RECURSION = YES;
				CLANG_WARN_INT_CONVERSION = YES;
				CLANG_WARN_NON_LITERAL_NULL_CONVERSION = YES;
				CLANG_WARN_OBJC_IMPLICIT_RETAIN_SELF = YES;
				CLANG_WARN_OBJC_LITERAL_CONVERSION = YES;
				CLANG_WARN_OBJC_ROOT_CLASS = YES_ERROR;
				CLANG_WARN_RANGE_LOOP_ANALYSIS = YES;
				CLANG_WARN_STRICT_PROTOTYPES = YES;
				CLANG_WARN_SUSPICIOUS_MOVE = YES;
				CLANG_WARN_UNGUARDED_AVAILABILITY = YES_AGGRESSIVE;
				CLANG_WARN_UNREACHABLE_CODE = YES;
				CLANG_WARN__DUPLICATE_METHOD_MATCH = YES;
				COPY_PHASE_STRIP = NO;
				DEBUG_INFORMATION_FORMAT = "dwarf-with-dsym";
				ENABLE_NS_ASSERTIONS = NO;
				ENABLE_STRICT_OBJC_MSGSEND = YES;
				GCC_C_LANGUAGE_STANDARD = gnu11;
				GCC_NO_COMMON_BLOCKS = YES;
				GCC_WARN_64_TO_32_BIT_CONVERSION = YES;
				GCC_WARN_ABOUT_RETURN_TYPE = YES_ERROR;
				GCC_WARN_UNDECLARED_SELECTOR = YES;
				GCC_WARN_UNINITIALIZED_AUTOS = YES_AGGRESSIVE;
				GCC_WARN_UNUSED_FUNCTION = YES;
				GCC_WARN_UNUSED_VARIABLE = YES;
				IPHONEOS_DEPLOYMENT_TARGET = 13.5;
				MTL_ENABLE_DEBUG_INFO = NO;
				MTL_FAST_MATH = YES;
				SDKROOT = iphoneos;
				SWIFT_COMPILATION_MODE = wholemodule;
				SWIFT_OPTIMIZATION_LEVEL = "-O";
				VALIDATE_PRODUCT = YES;
			};
			name = Release;
		};
		6645030224C0DBBC00006C98 /* Debug */ = {
			isa = XCBuildConfiguration;
			baseConfigurationReference = 683ACBC7893FD91540C3F2B1 /* Pods-TwitterCloneAdamKramar.debug.xcconfig */;
			buildSettings = {
				ASSETCATALOG_COMPILER_APPICON_NAME = AppIcon;
				CODE_SIGN_STYLE = Automatic;
				DEVELOPMENT_TEAM = JL48S53Q9A;
				INFOPLIST_FILE = TwitterCloneAdamKramar/Info.plist;
				LD_RUNPATH_SEARCH_PATHS = (
					"$(inherited)",
					"@executable_path/Frameworks",
				);
				PRODUCT_BUNDLE_IDENTIFIER = sk.kramar.TwitterCloneAdamKramar;
				PRODUCT_NAME = "$(TARGET_NAME)";
				SWIFT_VERSION = 5.0;
				TARGETED_DEVICE_FAMILY = "1,2";
			};
			name = Debug;
		};
		6645030324C0DBBC00006C98 /* Release */ = {
			isa = XCBuildConfiguration;
			baseConfigurationReference = EFE47B9F1B18C4B4EE9B6973 /* Pods-TwitterCloneAdamKramar.release.xcconfig */;
			buildSettings = {
				ASSETCATALOG_COMPILER_APPICON_NAME = AppIcon;
				CODE_SIGN_STYLE = Automatic;
				DEVELOPMENT_TEAM = JL48S53Q9A;
				INFOPLIST_FILE = TwitterCloneAdamKramar/Info.plist;
				LD_RUNPATH_SEARCH_PATHS = (
					"$(inherited)",
					"@executable_path/Frameworks",
				);
				PRODUCT_BUNDLE_IDENTIFIER = sk.kramar.TwitterCloneAdamKramar;
				PRODUCT_NAME = "$(TARGET_NAME)";
				SWIFT_VERSION = 5.0;
				TARGETED_DEVICE_FAMILY = "1,2";
			};
			name = Release;
		};
/* End XCBuildConfiguration section */

/* Begin XCConfigurationList section */
		664502E824C0DBB400006C98 /* Build configuration list for PBXProject "TwitterCloneAdamKramar" */ = {
			isa = XCConfigurationList;
			buildConfigurations = (
				664502FF24C0DBBC00006C98 /* Debug */,
				6645030024C0DBBC00006C98 /* Release */,
			);
			defaultConfigurationIsVisible = 0;
			defaultConfigurationName = Release;
		};
		6645030124C0DBBC00006C98 /* Build configuration list for PBXNativeTarget "TwitterCloneAdamKramar" */ = {
			isa = XCConfigurationList;
			buildConfigurations = (
				6645030224C0DBBC00006C98 /* Debug */,
				6645030324C0DBBC00006C98 /* Release */,
			);
			defaultConfigurationIsVisible = 0;
			defaultConfigurationName = Release;
		};
/* End XCConfigurationList section */
	};
	rootObject = 664502E524C0DBB400006C98 /* Project object */;
}
